// !$*UTF8*$!
{
	archiveVersion = 1;
	classes = {
	};
	objectVersion = 50;
	objects = {

/* Begin PBXBuildFile section */
		BD1A1EB2255B7BA600A7A006 /* SectionHeader.swift in Sources */ = {isa = PBXBuildFile; fileRef = BD1A1EB1255B7BA600A7A006 /* SectionHeader.swift */; };
		BD1A1EB7255B7CA300A7A006 /* TrendingCreatorsView.swift in Sources */ = {isa = PBXBuildFile; fileRef = BD1A1EB6255B7CA300A7A006 /* TrendingCreatorsView.swift */; };
		BD1A1EBC255B7CE100A7A006 /* PopularRestaurentsView.swift in Sources */ = {isa = PBXBuildFile; fileRef = BD1A1EBB255B7CE100A7A006 /* PopularRestaurentsView.swift */; };
		BD1A1EBF255B7D1300A7A006 /* PopularDestinationsView.swift in Sources */ = {isa = PBXBuildFile; fileRef = BD1A1EBE255B7D1300A7A006 /* PopularDestinationsView.swift */; };
		BD1A1EC3255B7D4C00A7A006 /* DiscoverCategoriesView.swift in Sources */ = {isa = PBXBuildFile; fileRef = BD1A1EC2255B7D4C00A7A006 /* DiscoverCategoriesView.swift */; };
		BD7238B3255B6A9F000234C4 /* Travel_DiscoveryApp.swift in Sources */ = {isa = PBXBuildFile; fileRef = BD7238B2255B6A9F000234C4 /* Travel_DiscoveryApp.swift */; };
		BD7238B5255B6A9F000234C4 /* ContentView.swift in Sources */ = {isa = PBXBuildFile; fileRef = BD7238B4255B6A9F000234C4 /* ContentView.swift */; };
		BD7238B7255B6AA0000234C4 /* Assets.xcassets in Resources */ = {isa = PBXBuildFile; fileRef = BD7238B6255B6AA0000234C4 /* Assets.xcassets */; };
		BD7238BA255B6AA0000234C4 /* Preview Assets.xcassets in Resources */ = {isa = PBXBuildFile; fileRef = BD7238B9255B6AA0000234C4 /* Preview Assets.xcassets */; };
		BD7238C4255B74FF000234C4 /* Category.swift in Sources */ = {isa = PBXBuildFile; fileRef = BD7238C3255B74FF000234C4 /* Category.swift */; };
/* End PBXBuildFile section */

/* Begin PBXFileReference section */
		BD1A1EB1255B7BA600A7A006 /* SectionHeader.swift */ = {isa = PBXFileReference; lastKnownFileType = sourcecode.swift; path = SectionHeader.swift; sourceTree = "<group>"; };
		BD1A1EB6255B7CA300A7A006 /* TrendingCreatorsView.swift */ = {isa = PBXFileReference; lastKnownFileType = sourcecode.swift; path = TrendingCreatorsView.swift; sourceTree = "<group>"; };
		BD1A1EBB255B7CE100A7A006 /* PopularRestaurentsView.swift */ = {isa = PBXFileReference; lastKnownFileType = sourcecode.swift; path = PopularRestaurentsView.swift; sourceTree = "<group>"; };
		BD1A1EBE255B7D1300A7A006 /* PopularDestinationsView.swift */ = {isa = PBXFileReference; lastKnownFileType = sourcecode.swift; path = PopularDestinationsView.swift; sourceTree = "<group>"; };
		BD1A1EC2255B7D4C00A7A006 /* DiscoverCategoriesView.swift */ = {isa = PBXFileReference; lastKnownFileType = sourcecode.swift; path = DiscoverCategoriesView.swift; sourceTree = "<group>"; };
		BD7238AF255B6A9F000234C4 /* Travel Discovery.app */ = {isa = PBXFileReference; explicitFileType = wrapper.application; includeInIndex = 0; path = "Travel Discovery.app"; sourceTree = BUILT_PRODUCTS_DIR; };
		BD7238B2255B6A9F000234C4 /* Travel_DiscoveryApp.swift */ = {isa = PBXFileReference; lastKnownFileType = sourcecode.swift; path = Travel_DiscoveryApp.swift; sourceTree = "<group>"; };
		BD7238B4255B6A9F000234C4 /* ContentView.swift */ = {isa = PBXFileReference; lastKnownFileType = sourcecode.swift; path = ContentView.swift; sourceTree = "<group>"; };
		BD7238B6255B6AA0000234C4 /* Assets.xcassets */ = {isa = PBXFileReference; lastKnownFileType = folder.assetcatalog; path = Assets.xcassets; sourceTree = "<group>"; };
		BD7238B9255B6AA0000234C4 /* Preview Assets.xcassets */ = {isa = PBXFileReference; lastKnownFileType = folder.assetcatalog; path = "Preview Assets.xcassets"; sourceTree = "<group>"; };
		BD7238BB255B6AA0000234C4 /* Info.plist */ = {isa = PBXFileReference; lastKnownFileType = text.plist.xml; path = Info.plist; sourceTree = "<group>"; };
		BD7238C3255B74FF000234C4 /* Category.swift */ = {isa = PBXFileReference; lastKnownFileType = sourcecode.swift; path = Category.swift; sourceTree = "<group>"; };
/* End PBXFileReference section */

/* Begin PBXFrameworksBuildPhase section */
		BD7238AC255B6A9F000234C4 /* Frameworks */ = {
			isa = PBXFrameworksBuildPhase;
			buildActionMask = 2147483647;
			files = (
			);
			runOnlyForDeploymentPostprocessing = 0;
		};
/* End PBXFrameworksBuildPhase section */

/* Begin PBXGroup section */
		BD1A1EB0255B7B9300A7A006 /* Shared Views */ = {
			isa = PBXGroup;
			children = (
				BD1A1EB1255B7BA600A7A006 /* SectionHeader.swift */,
			);
			path = "Shared Views";
			sourceTree = "<group>";
		};
		BD1A1EB5255B7C7C00A7A006 /* Common Views */ = {
			isa = PBXGroup;
			children = (
				BD1A1EB6255B7CA300A7A006 /* TrendingCreatorsView.swift */,
				BD1A1EBB255B7CE100A7A006 /* PopularRestaurentsView.swift */,
				BD1A1EBE255B7D1300A7A006 /* PopularDestinationsView.swift */,
				BD1A1EC2255B7D4C00A7A006 /* DiscoverCategoriesView.swift */,
			);
			path = "Common Views";
			sourceTree = "<group>";
		};
		BD7238A6255B6A9F000234C4 = {
			isa = PBXGroup;
			children = (
				BD7238B1255B6A9F000234C4 /* Travel Discovery */,
				BD7238B0255B6A9F000234C4 /* Products */,
			);
			sourceTree = "<group>";
		};
		BD7238B0255B6A9F000234C4 /* Products */ = {
			isa = PBXGroup;
			children = (
				BD7238AF255B6A9F000234C4 /* Travel Discovery.app */,
			);
			name = Products;
			sourceTree = "<group>";
		};
		BD7238B1255B6A9F000234C4 /* Travel Discovery */ = {
			isa = PBXGroup;
			children = (
				BD1A1EB5255B7C7C00A7A006 /* Common Views */,
				BD1A1EB0255B7B9300A7A006 /* Shared Views */,
				BD7238C2255B74DB000234C4 /* Model */,
				BD7238B2255B6A9F000234C4 /* Travel_DiscoveryApp.swift */,
				BD7238B4255B6A9F000234C4 /* ContentView.swift */,
				BD7238B6255B6AA0000234C4 /* Assets.xcassets */,
				BD7238BB255B6AA0000234C4 /* Info.plist */,
				BD7238B8255B6AA0000234C4 /* Preview Content */,
			);
			path = "Travel Discovery";
			sourceTree = "<group>";
		};
		BD7238B8255B6AA0000234C4 /* Preview Content */ = {
			isa = PBXGroup;
			children = (
				BD7238B9255B6AA0000234C4 /* Preview Assets.xcassets */,
			);
			path = "Preview Content";
			sourceTree = "<group>";
		};
		BD7238C2255B74DB000234C4 /* Model */ = {
			isa = PBXGroup;
			children = (
				BD7238C3255B74FF000234C4 /* Category.swift */,
			);
			path = Model;
			sourceTree = "<group>";
		};
/* End PBXGroup section */

/* Begin PBXNativeTarget section */
		BD7238AE255B6A9F000234C4 /* Travel Discovery */ = {
			isa = PBXNativeTarget;
			buildConfigurationList = BD7238BE255B6AA0000234C4 /* Build configuration list for PBXNativeTarget "Travel Discovery" */;
			buildPhases = (
				BD7238AB255B6A9F000234C4 /* Sources */,
				BD7238AC255B6A9F000234C4 /* Frameworks */,
				BD7238AD255B6A9F000234C4 /* Resources */,
			);
			buildRules = (
			);
			dependencies = (
			);
			name = "Travel Discovery";
			productName = "Travel Discovery";
			productReference = BD7238AF255B6A9F000234C4 /* Travel Discovery.app */;
			productType = "com.apple.product-type.application";
		};
/* End PBXNativeTarget section */

/* Begin PBXProject section */
		BD7238A7255B6A9F000234C4 /* Project object */ = {
			isa = PBXProject;
			attributes = {
				LastSwiftUpdateCheck = 1210;
				LastUpgradeCheck = 1210;
				TargetAttributes = {
					BD7238AE255B6A9F000234C4 = {
						CreatedOnToolsVersion = 12.1;
					};
				};
			};
			buildConfigurationList = BD7238AA255B6A9F000234C4 /* Build configuration list for PBXProject "Travel Discovery" */;
			compatibilityVersion = "Xcode 9.3";
			developmentRegion = en;
			hasScannedForEncodings = 0;
			knownRegions = (
				en,
				Base,
			);
			mainGroup = BD7238A6255B6A9F000234C4;
			productRefGroup = BD7238B0255B6A9F000234C4 /* Products */;
			projectDirPath = "";
			projectRoot = "";
			targets = (
				BD7238AE255B6A9F000234C4 /* Travel Discovery */,
			);
		};
/* End PBXProject section */

/* Begin PBXResourcesBuildPhase section */
		BD7238AD255B6A9F000234C4 /* Resources */ = {
			isa = PBXResourcesBuildPhase;
			buildActionMask = 2147483647;
			files = (
				BD7238BA255B6AA0000234C4 /* Preview Assets.xcassets in Resources */,
				BD7238B7255B6AA0000234C4 /* Assets.xcassets in Resources */,
			);
			runOnlyForDeploymentPostprocessing = 0;
		};
/* End PBXResourcesBuildPhase section */

/* Begin PBXSourcesBuildPhase section */
		BD7238AB255B6A9F000234C4 /* Sources */ = {
			isa = PBXSourcesBuildPhase;
			buildActionMask = 2147483647;
			files = (
				BD1A1EB7255B7CA300A7A006 /* TrendingCreatorsView.swift in Sources */,
				BD1A1EB2255B7BA600A7A006 /* SectionHeader.swift in Sources */,
				BD1A1EBF255B7D1300A7A006 /* PopularDestinationsView.swift in Sources */,
				BD7238B5255B6A9F000234C4 /* ContentView.swift in Sources */,
				BD1A1EBC255B7CE100A7A006 /* PopularRestaurentsView.swift in Sources */,
				BD7238B3255B6A9F000234C4 /* Travel_DiscoveryApp.swift in Sources */,
				BD7238C4255B74FF000234C4 /* Category.swift in Sources */,
				BD1A1EC3255B7D4C00A7A006 /* DiscoverCategoriesView.swift in Sources */,
			);
			runOnlyForDeploymentPostprocessing = 0;
		};
/* End PBXSourcesBuildPhase section */

/* Begin XCBuildConfiguration section */
		BD7238BC255B6AA0000234C4 /* Debug */ = {
			isa = XCBuildConfiguration;
			buildSettings = {
				ALWAYS_SEARCH_USER_PATHS = NO;
				CLANG_ANALYZER_NONNULL = YES;
				CLANG_ANALYZER_NUMBER_OBJECT_CONVERSION = YES_AGGRESSIVE;
				CLANG_CXX_LANGUAGE_STANDARD = "gnu++14";
				CLANG_CXX_LIBRARY = "libc++";
				CLANG_ENABLE_MODULES = YES;
				CLANG_ENABLE_OBJC_ARC = YES;
				CLANG_ENABLE_OBJC_WEAK = YES;
				CLANG_WARN_BLOCK_CAPTURE_AUTORELEASING = YES;
				CLANG_WARN_BOOL_CONVERSION = YES;
				CLANG_WARN_COMMA = YES;
				CLANG_WARN_CONSTANT_CONVERSION = YES;
				CLANG_WARN_DEPRECATED_OBJC_IMPLEMENTATIONS = YES;
				CLANG_WARN_DIRECT_OBJC_ISA_USAGE = YES_ERROR;
				CLANG_WARN_DOCUMENTATION_COMMENTS = YES;
				CLANG_WARN_EMPTY_BODY = YES;
				CLANG_WARN_ENUM_CONVERSION = YES;
				CLANG_WARN_INFINITE_RECURSION = YES;
				CLANG_WARN_INT_CONVERSION = YES;
				CLANG_WARN_NON_LITERAL_NULL_CONVERSION = YES;
				CLANG_WARN_OBJC_IMPLICIT_RETAIN_SELF = YES;
				CLANG_WARN_OBJC_LITERAL_CONVERSION = YES;
				CLANG_WARN_OBJC_ROOT_CLASS = YES_ERROR;
				CLANG_WARN_QUOTED_INCLUDE_IN_FRAMEWORK_HEADER = YES;
				CLANG_WARN_RANGE_LOOP_ANALYSIS = YES;
				CLANG_WARN_STRICT_PROTOTYPES = YES;
				CLANG_WARN_SUSPICIOUS_MOVE = YES;
				CLANG_WARN_UNGUARDED_AVAILABILITY = YES_AGGRESSIVE;
				CLANG_WARN_UNREACHABLE_CODE = YES;
				CLANG_WARN__DUPLICATE_METHOD_MATCH = YES;
				COPY_PHASE_STRIP = NO;
				DEBUG_INFORMATION_FORMAT = dwarf;
				ENABLE_STRICT_OBJC_MSGSEND = YES;
				ENABLE_TESTABILITY = YES;
				GCC_C_LANGUAGE_STANDARD = gnu11;
				GCC_DYNAMIC_NO_PIC = NO;
				GCC_NO_COMMON_BLOCKS = YES;
				GCC_OPTIMIZATION_LEVEL = 0;
				GCC_PREPROCESSOR_DEFINITIONS = (
					"DEBUG=1",
					"$(inherited)",
				);
				GCC_WARN_64_TO_32_BIT_CONVERSION = YES;
				GCC_WARN_ABOUT_RETURN_TYPE = YES_ERROR;
				GCC_WARN_UNDECLARED_SELECTOR = YES;
				GCC_WARN_UNINITIALIZED_AUTOS = YES_AGGRESSIVE;
				GCC_WARN_UNUSED_FUNCTION = YES;
				GCC_WARN_UNUSED_VARIABLE = YES;
				IPHONEOS_DEPLOYMENT_TARGET = 14.1;
				MTL_ENABLE_DEBUG_INFO = INCLUDE_SOURCE;
				MTL_FAST_MATH = YES;
				ONLY_ACTIVE_ARCH = YES;
				SDKROOT = iphoneos;
				SWIFT_ACTIVE_COMPILATION_CONDITIONS = DEBUG;
				SWIFT_OPTIMIZATION_LEVEL = "-Onone";
			};
			name = Debug;
		};
		BD7238BD255B6AA0000234C4 /* Release */ = {
			isa = XCBuildConfiguration;
			buildSettings = {
				ALWAYS_SEARCH_USER_PATHS = NO;
				CLANG_ANALYZER_NONNULL = YES;
				CLANG_ANALYZER_NUMBER_OBJECT_CONVERSION = YES_AGGRESSIVE;
				CLANG_CXX_LANGUAGE_STANDARD = "gnu++14";
				CLANG_CXX_LIBRARY = "libc++";
				CLANG_ENABLE_MODULES = YES;
				CLANG_ENABLE_OBJC_ARC = YES;
				CLANG_ENABLE_OBJC_WEAK = YES;
				CLANG_WARN_BLOCK_CAPTURE_AUTORELEASING = YES;
				CLANG_WARN_BOOL_CONVERSION = YES;
				CLANG_WARN_COMMA = YES;
				CLANG_WARN_CONSTANT_CONVERSION = YES;
				CLANG_WARN_DEPRECATED_OBJC_IMPLEMENTATIONS = YES;
				CLANG_WARN_DIRECT_OBJC_ISA_USAGE = YES_ERROR;
				CLANG_WARN_DOCUMENTATION_COMMENTS = YES;
				CLANG_WARN_EMPTY_BODY = YES;
				CLANG_WARN_ENUM_CONVERSION = YES;
				CLANG_WARN_INFINITE_RECURSION = YES;
				CLANG_WARN_INT_CONVERSION = YES;
				CLANG_WARN_NON_LITERAL_NULL_CONVERSION = YES;
				CLANG_WARN_OBJC_IMPLICIT_RETAIN_SELF = YES;
				CLANG_WARN_OBJC_LITERAL_CONVERSION = YES;
				CLANG_WARN_OBJC_ROOT_CLASS = YES_ERROR;
				CLANG_WARN_QUOTED_INCLUDE_IN_FRAMEWORK_HEADER = YES;
				CLANG_WARN_RANGE_LOOP_ANALYSIS = YES;
				CLANG_WARN_STRICT_PROTOTYPES = YES;
				CLANG_WARN_SUSPICIOUS_MOVE = YES;
				CLANG_WARN_UNGUARDED_AVAILABILITY = YES_AGGRESSIVE;
				CLANG_WARN_UNREACHABLE_CODE = YES;
				CLANG_WARN__DUPLICATE_METHOD_MATCH = YES;
				COPY_PHASE_STRIP = NO;
				DEBUG_INFORMATION_FORMAT = "dwarf-with-dsym";
				ENABLE_NS_ASSERTIONS = NO;
				ENABLE_STRICT_OBJC_MSGSEND = YES;
				GCC_C_LANGUAGE_STANDARD = gnu11;
				GCC_NO_COMMON_BLOCKS = YES;
				GCC_WARN_64_TO_32_BIT_CONVERSION = YES;
				GCC_WARN_ABOUT_RETURN_TYPE = YES_ERROR;
				GCC_WARN_UNDECLARED_SELECTOR = YES;
				GCC_WARN_UNINITIALIZED_AUTOS = YES_AGGRESSIVE;
				GCC_WARN_UNUSED_FUNCTION = YES;
				GCC_WARN_UNUSED_VARIABLE = YES;
				IPHONEOS_DEPLOYMENT_TARGET = 14.1;
				MTL_ENABLE_DEBUG_INFO = NO;
				MTL_FAST_MATH = YES;
				SDKROOT = iphoneos;
				SWIFT_COMPILATION_MODE = wholemodule;
				SWIFT_OPTIMIZATION_LEVEL = "-O";
				VALIDATE_PRODUCT = YES;
			};
			name = Release;
		};
		BD7238BF255B6AA0000234C4 /* Debug */ = {
			isa = XCBuildConfiguration;
			buildSettings = {
				ASSETCATALOG_COMPILER_APPICON_NAME = AppIcon;
				ASSETCATALOG_COMPILER_GLOBAL_ACCENT_COLOR_NAME = AccentColor;
				CODE_SIGN_STYLE = Automatic;
				DEVELOPMENT_ASSET_PATHS = "\"Travel Discovery/Preview Content\"";
				DEVELOPMENT_TEAM = SFNG7GVEK8;
				ENABLE_PREVIEWS = YES;
				INFOPLIST_FILE = "Travel Discovery/Info.plist";
				IPHONEOS_DEPLOYMENT_TARGET = 14.0;
				LD_RUNPATH_SEARCH_PATHS = (
					"$(inherited)",
					"@executable_path/Frameworks",
				);
				PRODUCT_BUNDLE_IDENTIFIER = "com.viswakodela.ca.Travel-Discovery";
				PRODUCT_NAME = "$(TARGET_NAME)";
				SWIFT_VERSION = 5.0;
				TARGETED_DEVICE_FAMILY = "1,2";
			};
			name = Debug;
		};
		BD7238C0255B6AA0000234C4 /* Release */ = {
			isa = XCBuildConfiguration;
			buildSettings = {
				ASSETCATALOG_COMPILER_APPICON_NAME = AppIcon;
				ASSETCATALOG_COMPILER_GLOBAL_ACCENT_COLOR_NAME = AccentColor;
				CODE_SIGN_STYLE = Automatic;
				DEVELOPMENT_ASSET_PATHS = "\"Travel Discovery/Preview Content\"";
				DEVELOPMENT_TEAM = SFNG7GVEK8;
				ENABLE_PREVIEWS = YES;
				INFOPLIST_FILE = "Travel Discovery/Info.plist";
				IPHONEOS_DEPLOYMENT_TARGET = 14.0;
				LD_RUNPATH_SEARCH_PATHS = (
					"$(inherited)",
					"@executable_path/Frameworks",
				);
				PRODUCT_BUNDLE_IDENTIFIER = "com.viswakodela.ca.Travel-Discovery";
				PRODUCT_NAME = "$(TARGET_NAME)";
				SWIFT_VERSION = 5.0;
				TARGETED_DEVICE_FAMILY = "1,2";
			};
			name = Release;
		};
/* End XCBuildConfiguration section */

/* Begin XCConfigurationList section */
		BD7238AA255B6A9F000234C4 /* Build configuration list for PBXProject "Travel Discovery" */ = {
			isa = XCConfigurationList;
			buildConfigurations = (
				BD7238BC255B6AA0000234C4 /* Debug */,
				BD7238BD255B6AA0000234C4 /* Release */,
			);
			defaultConfigurationIsVisible = 0;
			defaultConfigurationName = Release;
		};
		BD7238BE255B6AA0000234C4 /* Build configuration list for PBXNativeTarget "Travel Discovery" */ = {
			isa = XCConfigurationList;
			buildConfigurations = (
				BD7238BF255B6AA0000234C4 /* Debug */,
				BD7238C0255B6AA0000234C4 /* Release */,
			);
			defaultConfigurationIsVisible = 0;
			defaultConfigurationName = Release;
		};
/* End XCConfigurationList section */
	};
	rootObject = BD7238A7255B6A9F000234C4 /* Project object */;
}
